
Microsoft Visual Studio Solution File, Format Version 12.00
# Visual Studio Version 17
VisualStudioVersion = 17.11.35327.3
MinimumVisualStudioVersion = 10.0.40219.1
Project("{FAE04EC0-301F-11D3-BF4B-00C04F79EFBC}") = "Task1", "Task1\Task1.csproj", "{BA203407-CB1B-4395-B4EE-56B1DE57AB69}"
EndProject
Project("{FAE04EC0-301F-11D3-BF4B-00C04F79EFBC}") = "Task2", "Task2\Task2.csproj", "{DF9B5590-4D51-44FB-AB7B-225458536E90}"
EndProject
Project("{FAE04EC0-301F-11D3-BF4B-00C04F79EFBC}") = "Task3", "Task3\Task3.csproj", "{29351DBA-D53A-4CAE-9CF2-327CE650E1F4}"
EndProject
Global
	GlobalSection(SolutionConfigurationPlatforms) = preSolution
		Debug|Any CPU = Debug|Any CPU
		Release|Any CPU = Release|Any CPU
	EndGlobalSection
	GlobalSection(ProjectConfigurationPlatforms) = postSolution
		{BA203407-CB1B-4395-B4EE-56B1DE57AB69}.Debug|Any CPU.ActiveCfg = Debug|Any CPU
		{BA203407-CB1B-4395-B4EE-56B1DE57AB69}.Debug|Any CPU.Build.0 = Debug|Any CPU
		{BA203407-CB1B-4395-B4EE-56B1DE57AB69}.Release|Any CPU.ActiveCfg = Release|Any CPU
		{BA203407-CB1B-4395-B4EE-56B1DE57AB69}.Release|Any CPU.Build.0 = Release|Any CPU
		{DF9B5590-4D51-44FB-AB7B-225458536E90}.Debug|Any CPU.ActiveCfg = Debug|Any CPU
		{DF9B5590-4D51-44FB-AB7B-225458536E90}.Debug|Any CPU.Build.0 = Debug|Any CPU
		{DF9B5590-4D51-44FB-AB7B-225458536E90}.Release|Any CPU.ActiveCfg = Release|Any CPU
		{DF9B5590-4D51-44FB-AB7B-225458536E90}.Release|Any CPU.Build.0 = Release|Any CPU
		{29351DBA-D53A-4CAE-9CF2-327CE650E1F4}.Debug|Any CPU.ActiveCfg = Debug|Any CPU
		{29351DBA-D53A-4CAE-9CF2-327CE650E1F4}.Debug|Any CPU.Build.0 = Debug|Any CPU
		{29351DBA-D53A-4CAE-9CF2-327CE650E1F4}.Release|Any CPU.ActiveCfg = Release|Any CPU
		{29351DBA-D53A-4CAE-9CF2-327CE650E1F4}.Release|Any CPU.Build.0 = Release|Any CPU
	EndGlobalSection
	GlobalSection(SolutionProperties) = preSolution
		HideSolutionNode = FALSE
	EndGlobalSection
	GlobalSection(ExtensibilityGlobals) = postSolution
		SolutionGuid = {3E391A45-9520-4559-99DD-DE27F1FE2DDE}
	EndGlobalSection
EndGlobal
